
Microsoft Visual Studio Solution File, Format Version 12.00
# Visual Studio Version 17
VisualStudioVersion = 17.11.35222.181
MinimumVisualStudioVersion = 10.0.40219.1
Project("{FAE04EC0-301F-11D3-BF4B-00C04F79EFBC}") = "LinqAndLambdasExercise03", "LinqAndLambdasExercise03\LinqAndLambdasExercise03.csproj", "{5F57A4A2-1B8F-44B7-BBA4-3D7F517D65BF}"
EndProject
Global
	GlobalSection(SolutionConfigurationPlatforms) = preSolution
		Debug|Any CPU = Debug|Any CPU
		Release|Any CPU = Release|Any CPU
	EndGlobalSection
	GlobalSection(ProjectConfigurationPlatforms) = postSolution
		{5F57A4A2-1B8F-44B7-BBA4-3D7F517D65BF}.Debug|Any CPU.ActiveCfg = Debug|Any CPU
		{5F57A4A2-1B8F-44B7-BBA4-3D7F517D65BF}.Debug|Any CPU.Build.0 = Debug|Any CPU
		{5F57A4A2-1B8F-44B7-BBA4-3D7F517D65BF}.Release|Any CPU.ActiveCfg = Release|Any CPU
		{5F57A4A2-1B8F-44B7-BBA4-3D7F517D65BF}.Release|Any CPU.Build.0 = Release|Any CPU
	EndGlobalSection
	GlobalSection(SolutionProperties) = preSolution
		HideSolutionNode = FALSE
	EndGlobalSection
	GlobalSection(ExtensibilityGlobals) = postSolution
		SolutionGuid = {244A0DAF-506A-4E6C-93A8-A1CCEF1D915F}
	EndGlobalSection
EndGlobal
